<?xml version="1.0" encoding="utf-8"?>
<Project ToolsVersion="4.0" xmlns="http://schemas.microsoft.com/developer/msbuild/2003">
  <ItemGroup>
    <FxCompile Include="Shader\Texture.hlsl" />
  </ItemGroup>
  <ItemGroup>
    <ClCompile Include="Actor\ActorManager.cpp" />
    <ClCompile Include="Actor\Actor.cpp" />
    <ClCompile Include="Actor\AnchorActor.cpp" />
    <ClCompile Include="Component\CircleCollisionComponent.cpp" />
    <ClCompile Include="Component\Collider.cpp" />
    <ClCompile Include="Component\ComponentManager.cpp" />
    <ClCompile Include="Component\Component.cpp" />
    <ClCompile Include="Device\CSVReader.cpp" />
    <ClCompile Include="Device\Physics.cpp" />
    <ClCompile Include="Device\Random.cpp" />
    <ClCompile Include="Device\Renderer.cpp" />
    <ClCompile Include="Device\Time.cpp" />
    <ClCompile Include="Actor\Transform2D.cpp" />
    <ClCompile Include="Actor\PlayerActor.cpp" />
    <ClCompile Include="Component\SpriteComponent.cpp" />
    <ClCompile Include="Component\PlayerMoveComponent.cpp" />
    <ClCompile Include="Shader\Shader.cpp" />
    <ClCompile Include="Sprite\Sprite.cpp" />
    <ClCompile Include="Sprite\SpriteManager.cpp" />
    <ClCompile Include="Sprite\Texture.cpp" />
    <ClCompile Include="System\Buffer.cpp" />
    <ClCompile Include="System\InputElement.cpp" />
    <ClCompile Include="Scene\Title.cpp" />
    <ClCompile Include="UI\Pause.cpp" />
    <ClCompile Include="UI\UI.cpp" />
    <ClCompile Include="UI\UIManager.cpp" />
    <ClCompile Include="Utility\Collision.cpp" />
    <ClCompile Include="Utility\Input.cpp" />
    <ClCompile Include="Utility\Math.cpp" />
    <ClCompile Include="Scene\GamePlay.cpp" />
    <ClCompile Include="Scene\SceneBase.cpp" />
    <ClCompile Include="Scene\SceneManager.cpp" />
    <ClCompile Include="System\Direct3D11.cpp" />
    <ClCompile Include="System\Entry.cpp" />
    <ClCompile Include="System\Game.cpp" />
    <ClCompile Include="System\Window.cpp" />
    <ClCompile Include="Component\AnchorComponent.cpp" />
    <ClCompile Include="UI\AnchorPoint.cpp" />
    <ClCompile Include="Device\Camera2d.cpp" />
    <ClCompile Include="Actor\EnemyBullet.cpp" />
    <ClCompile Include="Actor\EnemyActor.cpp" />
    <ClCompile Include="Actor\EnemyFactory.cpp" />
    <ClCompile Include="Component\Enemy\EnemyComponent.cpp" />
    <ClCompile Include="Component\Enemy\EnemyBulletComponent.cpp" />
    <ClCompile Include="Component\Enemy\ShotEnemyComponent.cpp" />
    <ClCompile Include="Component\Enemy\TackleEnemyComponent.cpp" />
    <ClCompile Include="Component\HitPointComponent.cpp" />
    <ClCompile Include="Device\Sound.cpp" />
    <ClCompile Include="Map\Map.cpp" />
    <ClCompile Include="Actor\Hole.cpp" />
    <ClCompile Include="Actor\Pillar.cpp" />
    <ClCompile Include="Actor\Wall.cpp" />
    <ClCompile Include="Main.cpp" />
  </ItemGroup>
  <ItemGroup>
    <ClInclude Include="Actor\ActorManager.h" />
    <ClInclude Include="Actor\Actor.h" />
    <ClInclude Include="Actor\AnchorActor.h" />
    <ClInclude Include="Component\CircleCollisionComponent.h" />
    <ClInclude Include="Component\Collider.h" />
    <ClInclude Include="Component\ComponentManager.h" />
    <ClInclude Include="Component\Component.h" />
    <ClInclude Include="Device\CSVReader.h" />
    <ClInclude Include="Device\Physics.h" />
    <ClInclude Include="Device\Random.h" />
    <ClInclude Include="Device\Renderer.h" />
    <ClInclude Include="Device\Time.h" />
    <ClInclude Include="Actor\Transform2D.h" />
    <ClInclude Include="Actor\PlayerActor.h" />
    <ClInclude Include="Component\SpriteComponent.h" />
    <ClInclude Include="Component\PlayerMoveComponent.h" />
    <ClInclude Include="Shader\Shader.h" />
    <ClInclude Include="Sprite\Sprite.h" />
    <ClInclude Include="Sprite\SpriteManager.h" />
    <ClInclude Include="Sprite\Texture.h" />
    <ClInclude Include="System\Buffer.h" />
    <ClInclude Include="System\BufferDesc.h" />
    <ClInclude Include="System\InputElement.h" />
    <ClInclude Include="System\InputElementDesc.h" />
    <ClInclude Include="System\SubResourceDesc.h" />
    <ClInclude Include="System\TextureDesc.h" />
    <ClInclude Include="System\VertexStreamDesc.h" />
    <ClInclude Include="Scene\Title.h" />
    <ClInclude Include="UI\Pause.h" />
    <ClInclude Include="UI\UI.h" />
    <ClInclude Include="UI\UIManager.h" />
    <ClInclude Include="Utility\Collision.h" />
    <ClInclude Include="Utility\Input.h" />
    <ClInclude Include="Utility\Math.h" />
    <ClInclude Include="Scene\GamePlay.h" />
    <ClInclude Include="Main.h" />
    <ClInclude Include="Scene\SceneBase.h" />
    <ClInclude Include="Scene\SceneManager.h" />
    <ClInclude Include="System\Direct3D11.h" />
    <ClInclude Include="System\DirectXIncLib.h" />
    <ClInclude Include="System\Game.h" />
    <ClInclude Include="System\Window.h" />
    <ClInclude Include="Component\AnchorComponent.h" />
    <ClInclude Include="UI\AnchorPoint.h" />
    <ClInclude Include="Device\Camera2d.h" />
    <ClInclude Include="Actor\EnemyBullet.h" />
    <ClInclude Include="Actor\EnemyActor.h" />
    <ClInclude Include="Actor\EnemyFactory.h" />
    <ClInclude Include="Component\Enemy\EnemyComponent.h" />
    <ClInclude Include="Component\Enemy\EnemyBulletComponent.h" />
    <ClInclude Include="Component\Enemy\ShotEnemyComponent.h" />
    <ClInclude Include="Component\Enemy\TackleEnemyComponent.h" />
    <ClInclude Include="Component\HitPointComponent.h" />
    <ClInclude Include="Device\Sound.h" />
    <ClInclude Include="Map\Map.h" />
    <ClInclude Include="Actor\Hole.h" />
    <ClInclude Include="Actor\Pillar.h" />
    <ClInclude Include="Actor\Wall.h" />
  </ItemGroup>
</Project>